
Microsoft Visual Studio Solution File, Format Version 12.00
# Visual Studio Version 16
VisualStudioVersion = 16.0.31005.135
MinimumVisualStudioVersion = 10.0.40219.1
Project("{9A19103F-16F7-4668-BE54-9A1E7A4F7556}") = "Entities", "Entities\Entities.csproj", "{A7AC353A-8FC4-4976-A8D5-E0D78322E294}"
EndProject
Project("{9A19103F-16F7-4668-BE54-9A1E7A4F7556}") = "Bussiness", "Bussiness\Bussiness.csproj", "{3AEB7391-5492-429E-B465-0EED4ED89DC4}"
EndProject
Project("{9A19103F-16F7-4668-BE54-9A1E7A4F7556}") = "DataAccess", "DataAccess\DataAccess.csproj", "{90F7AD40-61FA-457E-B24A-71A970C8DF41}"
EndProject
Project("{9A19103F-16F7-4668-BE54-9A1E7A4F7556}") = "ConsoleUI", "ConsoleUI\ConsoleUI.csproj", "{E0F9D620-A4C0-4EEF-9BC1-83D92785B559}"
EndProject
Project("{9A19103F-16F7-4668-BE54-9A1E7A4F7556}") = "Core", "Core\Core.csproj", "{9C0030A5-FAA0-41A5-9F1C-B9090BEC2D6C}"
EndProject
Project("{9A19103F-16F7-4668-BE54-9A1E7A4F7556}") = "WebAPI", "WebAPI\WebAPI.csproj", "{C58BB49E-2B75-499B-8517-FBFBC1447710}"
EndProject
Global
	GlobalSection(SolutionConfigurationPlatforms) = preSolution
		Debug|Any CPU = Debug|Any CPU
		Release|Any CPU = Release|Any CPU
	EndGlobalSection
	GlobalSection(ProjectConfigurationPlatforms) = postSolution
		{A7AC353A-8FC4-4976-A8D5-E0D78322E294}.Debug|Any CPU.ActiveCfg = Debug|Any CPU
		{A7AC353A-8FC4-4976-A8D5-E0D78322E294}.Debug|Any CPU.Build.0 = Debug|Any CPU
		{A7AC353A-8FC4-4976-A8D5-E0D78322E294}.Release|Any CPU.ActiveCfg = Release|Any CPU
		{A7AC353A-8FC4-4976-A8D5-E0D78322E294}.Release|Any CPU.Build.0 = Release|Any CPU
		{3AEB7391-5492-429E-B465-0EED4ED89DC4}.Debug|Any CPU.ActiveCfg = Debug|Any CPU
		{3AEB7391-5492-429E-B465-0EED4ED89DC4}.Debug|Any CPU.Build.0 = Debug|Any CPU
		{3AEB7391-5492-429E-B465-0EED4ED89DC4}.Release|Any CPU.ActiveCfg = Release|Any CPU
		{3AEB7391-5492-429E-B465-0EED4ED89DC4}.Release|Any CPU.Build.0 = Release|Any CPU
		{90F7AD40-61FA-457E-B24A-71A970C8DF41}.Debug|Any CPU.ActiveCfg = Debug|Any CPU
		{90F7AD40-61FA-457E-B24A-71A970C8DF41}.Debug|Any CPU.Build.0 = Debug|Any CPU
		{90F7AD40-61FA-457E-B24A-71A970C8DF41}.Release|Any CPU.ActiveCfg = Release|Any CPU
		{90F7AD40-61FA-457E-B24A-71A970C8DF41}.Release|Any CPU.Build.0 = Release|Any CPU
		{E0F9D620-A4C0-4EEF-9BC1-83D92785B559}.Debug|Any CPU.ActiveCfg = Debug|Any CPU
		{E0F9D620-A4C0-4EEF-9BC1-83D92785B559}.Debug|Any CPU.Build.0 = Debug|Any CPU
		{E0F9D620-A4C0-4EEF-9BC1-83D92785B559}.Release|Any CPU.ActiveCfg = Release|Any CPU
		{E0F9D620-A4C0-4EEF-9BC1-83D92785B559}.Release|Any CPU.Build.0 = Release|Any CPU
		{9C0030A5-FAA0-41A5-9F1C-B9090BEC2D6C}.Debug|Any CPU.ActiveCfg = Debug|Any CPU
		{9C0030A5-FAA0-41A5-9F1C-B9090BEC2D6C}.Debug|Any CPU.Build.0 = Debug|Any CPU
		{9C0030A5-FAA0-41A5-9F1C-B9090BEC2D6C}.Release|Any CPU.ActiveCfg = Release|Any CPU
		{9C0030A5-FAA0-41A5-9F1C-B9090BEC2D6C}.Release|Any CPU.Build.0 = Release|Any CPU
		{C58BB49E-2B75-499B-8517-FBFBC1447710}.Debug|Any CPU.ActiveCfg = Debug|Any CPU
		{C58BB49E-2B75-499B-8517-FBFBC1447710}.Debug|Any CPU.Build.0 = Debug|Any CPU
		{C58BB49E-2B75-499B-8517-FBFBC1447710}.Release|Any CPU.ActiveCfg = Release|Any CPU
		{C58BB49E-2B75-499B-8517-FBFBC1447710}.Release|Any CPU.Build.0 = Release|Any CPU
	EndGlobalSection
	GlobalSection(SolutionProperties) = preSolution
		HideSolutionNode = FALSE
	EndGlobalSection
	GlobalSection(ExtensibilityGlobals) = postSolution
		SolutionGuid = {E81D6386-8292-4232-94F6-06126A2152B8}
	EndGlobalSection
EndGlobal
